
Microsoft Visual Studio Solution File, Format Version 12.00
# Visual Studio Version 16
VisualStudioVersion = 16.0.29920.165
MinimumVisualStudioVersion = 10.0.40219.1
Project("{FAE04EC0-301F-11D3-BF4B-00C04F79EFBC}") = "ForPublic", "ForPublic\ForPublic.csproj", "{7D463E08-B311-4365-98D7-F311D8B9A22D}"
EndProject
Global
	GlobalSection(SolutionConfigurationPlatforms) = preSolution
		Debug|Any CPU = Debug|Any CPU
		Release|Any CPU = Release|Any CPU
	EndGlobalSection
	GlobalSection(ProjectConfigurationPlatforms) = postSolution
		{7D463E08-B311-4365-98D7-F311D8B9A22D}.Debug|Any CPU.ActiveCfg = Debug|Any CPU
		{7D463E08-B311-4365-98D7-F311D8B9A22D}.Debug|Any CPU.Build.0 = Debug|Any CPU
		{7D463E08-B311-4365-98D7-F311D8B9A22D}.Release|Any CPU.ActiveCfg = Release|Any CPU
		{7D463E08-B311-4365-98D7-F311D8B9A22D}.Release|Any CPU.Build.0 = Release|Any CPU
	EndGlobalSection
	GlobalSection(SolutionProperties) = preSolution
		HideSolutionNode = FALSE
	EndGlobalSection
	GlobalSection(ExtensibilityGlobals) = postSolution
		SolutionGuid = {668DF752-2DDA-4A38-9EDE-B7A1B8220610}
	EndGlobalSection
EndGlobal
